
Microsoft Visual Studio Solution File, Format Version 12.00
# Visual Studio Version 16
VisualStudioVersion = 16.0.31729.503
MinimumVisualStudioVersion = 10.0.40219.1
Project("{2150E333-8FDC-42A3-9474-1A3956D46DE8}") = "01Colecciones", "01Colecciones", "{4EA2514A-4924-452C-A663-593F1FCBAB6D}"
EndProject
Project("{9A19103F-16F7-4668-BE54-9A1E7A4F7556}") = "Colecciones01ArrayList", "Colecciones01ArrayList\Colecciones01ArrayList.csproj", "{F572EBDF-41E0-48A4-858A-90C04F00F4E7}"
EndProject
Project("{9A19103F-16F7-4668-BE54-9A1E7A4F7556}") = "Colecciones01BitArray", "Colecciones01BitArray\Colecciones01BitArray.csproj", "{1A175DE1-BDD5-4553-9269-B59C4333AF12}"
EndProject
Project("{FAE04EC0-301F-11D3-BF4B-00C04F79EFBC}") = "Colecciones01HashTable", "Colecciones01HashTable\Colecciones01HashTable.csproj", "{E5D93982-1DA5-4C58-8335-37A06E58D771}"
EndProject
Project("{FAE04EC0-301F-11D3-BF4B-00C04F79EFBC}") = "Colecciones01Queue", "Colecciones01Queue\Colecciones01Queue.csproj", "{551B6828-A25B-4C26-9E53-78EDE7238065}"
EndProject
Project("{FAE04EC0-301F-11D3-BF4B-00C04F79EFBC}") = "Colecciones01SortedList", "Colecciones01SortedList\Colecciones01SortedList.csproj", "{3D1C0185-611F-409F-8DDF-6BE581FCAEAE}"
EndProject
Project("{FAE04EC0-301F-11D3-BF4B-00C04F79EFBC}") = "Colecciones01Stack", "Colecciones01Stack\Colecciones01Stack.csproj", "{0C8B0483-AD7E-4042-A193-A132B9425264}"
EndProject
Project("{FAE04EC0-301F-11D3-BF4B-00C04F79EFBC}") = "Colecciones02List", "Colecciones02List\Colecciones02List.csproj", "{4A9C983A-4F23-4183-BCA5-69A5A5C47149}"
EndProject
Project("{FAE04EC0-301F-11D3-BF4B-00C04F79EFBC}") = "Colecciones020List", "Colecciones020List\Colecciones020List.csproj", "{66EC336B-7ED6-49BD-BE2F-AE8421F4301B}"
EndProject
Project("{FAE04EC0-301F-11D3-BF4B-00C04F79EFBC}") = "Colecciones02Stack_Gen", "Colecciones02Stack_Gen\Colecciones02Stack_Gen.csproj", "{3D6DC3FA-C00F-4FFD-BFD6-1B8F87EE5C3C}"
EndProject
Project("{FAE04EC0-301F-11D3-BF4B-00C04F79EFBC}") = "Colecciones03Stack_Gen", "Colecciones03Stack_Gen\Colecciones03Stack_Gen.csproj", "{D6530471-1DE9-4BFF-9560-A560A909AA70}"
EndProject
Project("{FAE04EC0-301F-11D3-BF4B-00C04F79EFBC}") = "Colecciones03Queue_Gen", "Colecciones03Queue_Gen\Colecciones03Queue_Gen.csproj", "{6EEFA2C3-77C2-4265-AF4F-308297824A17}"
EndProject
Project("{FAE04EC0-301F-11D3-BF4B-00C04F79EFBC}") = "Colecciones03SortedSet", "Colecciones03SortedSet\Colecciones03SortedSet.csproj", "{FD9B145A-F4A1-493F-94A8-705ED054FF43}"
EndProject
Project("{FAE04EC0-301F-11D3-BF4B-00C04F79EFBC}") = "Colecciones03ObservableCollection", "Colecciones03ObservableCollection\Colecciones03ObservableCollection.csproj", "{B9949BE9-265F-4592-AD65-BA252AB4F1AE}"
EndProject
Project("{FAE04EC0-301F-11D3-BF4B-00C04F79EFBC}") = "Var_Nullable", "Var_Nullable\Var_Nullable.csproj", "{1FA81F9A-DC58-480C-AF90-3E28F1BBC2FE}"
EndProject
Project("{FAE04EC0-301F-11D3-BF4B-00C04F79EFBC}") = "Dynamic", "Dynamic\Dynamic.csproj", "{8B40A01A-EC60-48A3-818F-F9C9D8428E55}"
EndProject
Project("{FAE04EC0-301F-11D3-BF4B-00C04F79EFBC}") = "MetodosGenericos01", "MetodosGenericos01\MetodosGenericos01.csproj", "{5DCFE85A-0ED2-4E69-BAA5-A11CAD91B088}"
EndProject
Project("{FAE04EC0-301F-11D3-BF4B-00C04F79EFBC}") = "ClasesGenericas01", "ClasesGenericas01\ClasesGenericas01.csproj", "{2A35E4E4-C517-4D6D-BA86-10590C545A82}"
EndProject
Project("{FAE04EC0-301F-11D3-BF4B-00C04F79EFBC}") = "ClasesGenericas02", "ClasesGenericas02\ClasesGenericas02.csproj", "{9C1DA682-A81C-412F-A390-C4D372DE3FFD}"
EndProject
Project("{FAE04EC0-301F-11D3-BF4B-00C04F79EFBC}") = "DelegadosGenericos01", "DelegadosGenericos01\DelegadosGenericos01.csproj", "{8A03BDB0-D849-4EFF-AA7E-5AB702E8F3FB}"
EndProject
Project("{FAE04EC0-301F-11D3-BF4B-00C04F79EFBC}") = "MetodosAnonimos03", "MetodosAnonimos03\MetodosAnonimos03.csproj", "{FBBB20A4-7093-4692-A145-36083DC4E0D5}"
EndProject
Project("{FAE04EC0-301F-11D3-BF4B-00C04F79EFBC}") = "Predicate01", "Predicate01\Predicate01.csproj", "{E18CB27F-F49C-44C4-B908-8CBF5CB15B77}"
EndProject
Project("{FAE04EC0-301F-11D3-BF4B-00C04F79EFBC}") = "Lambda01", "Lambda01\Lambda01.csproj", "{A4C5EB5B-F28C-489C-B386-5D4EC65B59CD}"
EndProject
Project("{FAE04EC0-301F-11D3-BF4B-00C04F79EFBC}") = "ConversionExplicita01", "ConversionExplicita01\ConversionExplicita01.csproj", "{5192FCD0-C608-4CF8-927A-B9AF7DD5C21B}"
EndProject
Global
	GlobalSection(SolutionConfigurationPlatforms) = preSolution
		Debug|Any CPU = Debug|Any CPU
		Release|Any CPU = Release|Any CPU
	EndGlobalSection
	GlobalSection(ProjectConfigurationPlatforms) = postSolution
		{F572EBDF-41E0-48A4-858A-90C04F00F4E7}.Debug|Any CPU.ActiveCfg = Debug|Any CPU
		{F572EBDF-41E0-48A4-858A-90C04F00F4E7}.Debug|Any CPU.Build.0 = Debug|Any CPU
		{F572EBDF-41E0-48A4-858A-90C04F00F4E7}.Release|Any CPU.ActiveCfg = Release|Any CPU
		{F572EBDF-41E0-48A4-858A-90C04F00F4E7}.Release|Any CPU.Build.0 = Release|Any CPU
		{1A175DE1-BDD5-4553-9269-B59C4333AF12}.Debug|Any CPU.ActiveCfg = Debug|Any CPU
		{1A175DE1-BDD5-4553-9269-B59C4333AF12}.Debug|Any CPU.Build.0 = Debug|Any CPU
		{1A175DE1-BDD5-4553-9269-B59C4333AF12}.Release|Any CPU.ActiveCfg = Release|Any CPU
		{1A175DE1-BDD5-4553-9269-B59C4333AF12}.Release|Any CPU.Build.0 = Release|Any CPU
		{E5D93982-1DA5-4C58-8335-37A06E58D771}.Debug|Any CPU.ActiveCfg = Debug|Any CPU
		{E5D93982-1DA5-4C58-8335-37A06E58D771}.Debug|Any CPU.Build.0 = Debug|Any CPU
		{E5D93982-1DA5-4C58-8335-37A06E58D771}.Release|Any CPU.ActiveCfg = Release|Any CPU
		{E5D93982-1DA5-4C58-8335-37A06E58D771}.Release|Any CPU.Build.0 = Release|Any CPU
		{551B6828-A25B-4C26-9E53-78EDE7238065}.Debug|Any CPU.ActiveCfg = Debug|Any CPU
		{551B6828-A25B-4C26-9E53-78EDE7238065}.Debug|Any CPU.Build.0 = Debug|Any CPU
		{551B6828-A25B-4C26-9E53-78EDE7238065}.Release|Any CPU.ActiveCfg = Release|Any CPU
		{551B6828-A25B-4C26-9E53-78EDE7238065}.Release|Any CPU.Build.0 = Release|Any CPU
		{3D1C0185-611F-409F-8DDF-6BE581FCAEAE}.Debug|Any CPU.ActiveCfg = Debug|Any CPU
		{3D1C0185-611F-409F-8DDF-6BE581FCAEAE}.Debug|Any CPU.Build.0 = Debug|Any CPU
		{3D1C0185-611F-409F-8DDF-6BE581FCAEAE}.Release|Any CPU.ActiveCfg = Release|Any CPU
		{3D1C0185-611F-409F-8DDF-6BE581FCAEAE}.Release|Any CPU.Build.0 = Release|Any CPU
		{0C8B0483-AD7E-4042-A193-A132B9425264}.Debug|Any CPU.ActiveCfg = Debug|Any CPU
		{0C8B0483-AD7E-4042-A193-A132B9425264}.Debug|Any CPU.Build.0 = Debug|Any CPU
		{0C8B0483-AD7E-4042-A193-A132B9425264}.Release|Any CPU.ActiveCfg = Release|Any CPU
		{0C8B0483-AD7E-4042-A193-A132B9425264}.Release|Any CPU.Build.0 = Release|Any CPU
		{4A9C983A-4F23-4183-BCA5-69A5A5C47149}.Debug|Any CPU.ActiveCfg = Debug|Any CPU
		{4A9C983A-4F23-4183-BCA5-69A5A5C47149}.Debug|Any CPU.Build.0 = Debug|Any CPU
		{4A9C983A-4F23-4183-BCA5-69A5A5C47149}.Release|Any CPU.ActiveCfg = Release|Any CPU
		{4A9C983A-4F23-4183-BCA5-69A5A5C47149}.Release|Any CPU.Build.0 = Release|Any CPU
		{66EC336B-7ED6-49BD-BE2F-AE8421F4301B}.Debug|Any CPU.ActiveCfg = Debug|Any CPU
		{66EC336B-7ED6-49BD-BE2F-AE8421F4301B}.Debug|Any CPU.Build.0 = Debug|Any CPU
		{66EC336B-7ED6-49BD-BE2F-AE8421F4301B}.Release|Any CPU.ActiveCfg = Release|Any CPU
		{66EC336B-7ED6-49BD-BE2F-AE8421F4301B}.Release|Any CPU.Build.0 = Release|Any CPU
		{3D6DC3FA-C00F-4FFD-BFD6-1B8F87EE5C3C}.Debug|Any CPU.ActiveCfg = Debug|Any CPU
		{3D6DC3FA-C00F-4FFD-BFD6-1B8F87EE5C3C}.Debug|Any CPU.Build.0 = Debug|Any CPU
		{3D6DC3FA-C00F-4FFD-BFD6-1B8F87EE5C3C}.Release|Any CPU.ActiveCfg = Release|Any CPU
		{3D6DC3FA-C00F-4FFD-BFD6-1B8F87EE5C3C}.Release|Any CPU.Build.0 = Release|Any CPU
		{D6530471-1DE9-4BFF-9560-A560A909AA70}.Debug|Any CPU.ActiveCfg = Debug|Any CPU
		{D6530471-1DE9-4BFF-9560-A560A909AA70}.Debug|Any CPU.Build.0 = Debug|Any CPU
		{D6530471-1DE9-4BFF-9560-A560A909AA70}.Release|Any CPU.ActiveCfg = Release|Any CPU
		{D6530471-1DE9-4BFF-9560-A560A909AA70}.Release|Any CPU.Build.0 = Release|Any CPU
		{6EEFA2C3-77C2-4265-AF4F-308297824A17}.Debug|Any CPU.ActiveCfg = Debug|Any CPU
		{6EEFA2C3-77C2-4265-AF4F-308297824A17}.Debug|Any CPU.Build.0 = Debug|Any CPU
		{6EEFA2C3-77C2-4265-AF4F-308297824A17}.Release|Any CPU.ActiveCfg = Release|Any CPU
		{6EEFA2C3-77C2-4265-AF4F-308297824A17}.Release|Any CPU.Build.0 = Release|Any CPU
		{FD9B145A-F4A1-493F-94A8-705ED054FF43}.Debug|Any CPU.ActiveCfg = Debug|Any CPU
		{FD9B145A-F4A1-493F-94A8-705ED054FF43}.Debug|Any CPU.Build.0 = Debug|Any CPU
		{FD9B145A-F4A1-493F-94A8-705ED054FF43}.Release|Any CPU.ActiveCfg = Release|Any CPU
		{FD9B145A-F4A1-493F-94A8-705ED054FF43}.Release|Any CPU.Build.0 = Release|Any CPU
		{B9949BE9-265F-4592-AD65-BA252AB4F1AE}.Debug|Any CPU.ActiveCfg = Debug|Any CPU
		{B9949BE9-265F-4592-AD65-BA252AB4F1AE}.Debug|Any CPU.Build.0 = Debug|Any CPU
		{B9949BE9-265F-4592-AD65-BA252AB4F1AE}.Release|Any CPU.ActiveCfg = Release|Any CPU
		{B9949BE9-265F-4592-AD65-BA252AB4F1AE}.Release|Any CPU.Build.0 = Release|Any CPU
		{1FA81F9A-DC58-480C-AF90-3E28F1BBC2FE}.Debug|Any CPU.ActiveCfg = Debug|Any CPU
		{1FA81F9A-DC58-480C-AF90-3E28F1BBC2FE}.Debug|Any CPU.Build.0 = Debug|Any CPU
		{1FA81F9A-DC58-480C-AF90-3E28F1BBC2FE}.Release|Any CPU.ActiveCfg = Release|Any CPU
		{1FA81F9A-DC58-480C-AF90-3E28F1BBC2FE}.Release|Any CPU.Build.0 = Release|Any CPU
		{8B40A01A-EC60-48A3-818F-F9C9D8428E55}.Debug|Any CPU.ActiveCfg = Debug|Any CPU
		{8B40A01A-EC60-48A3-818F-F9C9D8428E55}.Debug|Any CPU.Build.0 = Debug|Any CPU
		{8B40A01A-EC60-48A3-818F-F9C9D8428E55}.Release|Any CPU.ActiveCfg = Release|Any CPU
		{8B40A01A-EC60-48A3-818F-F9C9D8428E55}.Release|Any CPU.Build.0 = Release|Any CPU
		{5DCFE85A-0ED2-4E69-BAA5-A11CAD91B088}.Debug|Any CPU.ActiveCfg = Debug|Any CPU
		{5DCFE85A-0ED2-4E69-BAA5-A11CAD91B088}.Debug|Any CPU.Build.0 = Debug|Any CPU
		{5DCFE85A-0ED2-4E69-BAA5-A11CAD91B088}.Release|Any CPU.ActiveCfg = Release|Any CPU
		{5DCFE85A-0ED2-4E69-BAA5-A11CAD91B088}.Release|Any CPU.Build.0 = Release|Any CPU
		{2A35E4E4-C517-4D6D-BA86-10590C545A82}.Debug|Any CPU.ActiveCfg = Debug|Any CPU
		{2A35E4E4-C517-4D6D-BA86-10590C545A82}.Debug|Any CPU.Build.0 = Debug|Any CPU
		{2A35E4E4-C517-4D6D-BA86-10590C545A82}.Release|Any CPU.ActiveCfg = Release|Any CPU
		{2A35E4E4-C517-4D6D-BA86-10590C545A82}.Release|Any CPU.Build.0 = Release|Any CPU
		{9C1DA682-A81C-412F-A390-C4D372DE3FFD}.Debug|Any CPU.ActiveCfg = Debug|Any CPU
		{9C1DA682-A81C-412F-A390-C4D372DE3FFD}.Debug|Any CPU.Build.0 = Debug|Any CPU
		{9C1DA682-A81C-412F-A390-C4D372DE3FFD}.Release|Any CPU.ActiveCfg = Release|Any CPU
		{9C1DA682-A81C-412F-A390-C4D372DE3FFD}.Release|Any CPU.Build.0 = Release|Any CPU
		{8A03BDB0-D849-4EFF-AA7E-5AB702E8F3FB}.Debug|Any CPU.ActiveCfg = Debug|Any CPU
		{8A03BDB0-D849-4EFF-AA7E-5AB702E8F3FB}.Debug|Any CPU.Build.0 = Debug|Any CPU
		{8A03BDB0-D849-4EFF-AA7E-5AB702E8F3FB}.Release|Any CPU.ActiveCfg = Release|Any CPU
		{8A03BDB0-D849-4EFF-AA7E-5AB702E8F3FB}.Release|Any CPU.Build.0 = Release|Any CPU
		{FBBB20A4-7093-4692-A145-36083DC4E0D5}.Debug|Any CPU.ActiveCfg = Debug|Any CPU
		{FBBB20A4-7093-4692-A145-36083DC4E0D5}.Debug|Any CPU.Build.0 = Debug|Any CPU
		{FBBB20A4-7093-4692-A145-36083DC4E0D5}.Release|Any CPU.ActiveCfg = Release|Any CPU
		{FBBB20A4-7093-4692-A145-36083DC4E0D5}.Release|Any CPU.Build.0 = Release|Any CPU
		{E18CB27F-F49C-44C4-B908-8CBF5CB15B77}.Debug|Any CPU.ActiveCfg = Debug|Any CPU
		{E18CB27F-F49C-44C4-B908-8CBF5CB15B77}.Debug|Any CPU.Build.0 = Debug|Any CPU
		{E18CB27F-F49C-44C4-B908-8CBF5CB15B77}.Release|Any CPU.ActiveCfg = Release|Any CPU
		{E18CB27F-F49C-44C4-B908-8CBF5CB15B77}.Release|Any CPU.Build.0 = Release|Any CPU
		{A4C5EB5B-F28C-489C-B386-5D4EC65B59CD}.Debug|Any CPU.ActiveCfg = Debug|Any CPU
		{A4C5EB5B-F28C-489C-B386-5D4EC65B59CD}.Debug|Any CPU.Build.0 = Debug|Any CPU
		{A4C5EB5B-F28C-489C-B386-5D4EC65B59CD}.Release|Any CPU.ActiveCfg = Release|Any CPU
		{A4C5EB5B-F28C-489C-B386-5D4EC65B59CD}.Release|Any CPU.Build.0 = Release|Any CPU
		{5192FCD0-C608-4CF8-927A-B9AF7DD5C21B}.Debug|Any CPU.ActiveCfg = Debug|Any CPU
		{5192FCD0-C608-4CF8-927A-B9AF7DD5C21B}.Debug|Any CPU.Build.0 = Debug|Any CPU
		{5192FCD0-C608-4CF8-927A-B9AF7DD5C21B}.Release|Any CPU.ActiveCfg = Release|Any CPU
		{5192FCD0-C608-4CF8-927A-B9AF7DD5C21B}.Release|Any CPU.Build.0 = Release|Any CPU
	EndGlobalSection
	GlobalSection(SolutionProperties) = preSolution
		HideSolutionNode = FALSE
	EndGlobalSection
	GlobalSection(NestedProjects) = preSolution
		{F572EBDF-41E0-48A4-858A-90C04F00F4E7} = {4EA2514A-4924-452C-A663-593F1FCBAB6D}
		{1A175DE1-BDD5-4553-9269-B59C4333AF12} = {4EA2514A-4924-452C-A663-593F1FCBAB6D}
	EndGlobalSection
	GlobalSection(ExtensibilityGlobals) = postSolution
		SolutionGuid = {7AE36D1A-4F58-4BA9-8D12-CE8C0E134B24}
	EndGlobalSection
EndGlobal
